
Microsoft Visual Studio Solution File, Format Version 12.00
# Visual Studio Version 16
VisualStudioVersion = 16.0.29728.190
MinimumVisualStudioVersion = 10.0.40219.1
Project("{FAE04EC0-301F-11D3-BF4B-00C04F79EFBC}") = "SightSeerDemo", "SightSeerDemo\SightSeerDemo.csproj", "{6A171B0C-FE2A-4B68-ACB2-A8007F31CBAF}"
EndProject
Global
	GlobalSection(SolutionConfigurationPlatforms) = preSolution
		Debug|Any CPU = Debug|Any CPU
		Release|Any CPU = Release|Any CPU
	EndGlobalSection
	GlobalSection(ProjectConfigurationPlatforms) = postSolution
		{6A171B0C-FE2A-4B68-ACB2-A8007F31CBAF}.Debug|Any CPU.ActiveCfg = Debug|Any CPU
		{6A171B0C-FE2A-4B68-ACB2-A8007F31CBAF}.Debug|Any CPU.Build.0 = Debug|Any CPU
		{6A171B0C-FE2A-4B68-ACB2-A8007F31CBAF}.Release|Any CPU.ActiveCfg = Release|Any CPU
		{6A171B0C-FE2A-4B68-ACB2-A8007F31CBAF}.Release|Any CPU.Build.0 = Release|Any CPU
	EndGlobalSection
	GlobalSection(SolutionProperties) = preSolution
		HideSolutionNode = FALSE
	EndGlobalSection
	GlobalSection(ExtensibilityGlobals) = postSolution
		SolutionGuid = {97DC27EC-2389-4E44-9564-D934EA63274F}
	EndGlobalSection
EndGlobal
